{
  "name": "react-native-yz-vlcplayer",
  "version": "1.1.1-beta7",
  "lockfileVersion": 1,
  "requires": true,
  "dependencies": {
    "@react-native-community/netinfo": {
      "version": "4.4.0",
      "resolved": "https://registry.npmjs.org/@react-native-community/netinfo/-/netinfo-4.4.0.tgz",
      "integrity": "sha512-qqNWMOsrDjj/daqV21ID2T8mNUjZD4pdx3PuWyE65gzKh2w+oMnzKb+J0NbLyZPn3wwLwU1+Cpf58A0ff5szjQ=="
    }
  }
}
